
Microsoft Visual Studio Solution File, Format Version 12.00
# Visual Studio Version 17
VisualStudioVersion = 17.8.34525.116
MinimumVisualStudioVersion = 10.0.40219.1
Project("{FAE04EC0-301F-11D3-BF4B-00C04F79EFBC}") = "MyBussSiteAPIs", "MyBussSiteAPIs.csproj", "{564D4ADF-2403-40FE-AE44-BC0CB2FEEA3F}"
EndProject
Global
	GlobalSection(SolutionConfigurationPlatforms) = preSolution
		Debug|Any CPU = Debug|Any CPU
		Release|Any CPU = Release|Any CPU
	EndGlobalSection
	GlobalSection(ProjectConfigurationPlatforms) = postSolution
		{564D4ADF-2403-40FE-AE44-BC0CB2FEEA3F}.Debug|Any CPU.ActiveCfg = Debug|Any CPU
		{564D4ADF-2403-40FE-AE44-BC0CB2FEEA3F}.Debug|Any CPU.Build.0 = Debug|Any CPU
		{564D4ADF-2403-40FE-AE44-BC0CB2FEEA3F}.Release|Any CPU.ActiveCfg = Release|Any CPU
		{564D4ADF-2403-40FE-AE44-BC0CB2FEEA3F}.Release|Any CPU.Build.0 = Release|Any CPU
	EndGlobalSection
	GlobalSection(SolutionProperties) = preSolution
		HideSolutionNode = FALSE
	EndGlobalSection
	GlobalSection(ExtensibilityGlobals) = postSolution
		SolutionGuid = {0021FB7E-262B-4B19-BD1A-0311A06C5439}
	EndGlobalSection
EndGlobal
